
Microsoft Visual Studio Solution File, Format Version 12.00
# Visual Studio Version 16
VisualStudioVersion = 16.0.29820.132
MinimumVisualStudioVersion = 10.0.40219.1
Project("{FAE04EC0-301F-11D3-BF4B-00C04F79EFBC}") = "MultiPlatformTest", "MultiPlatformTest\MultiPlatformTest.csproj", "{A15BC40D-93CC-4ED0-94C5-4E1ED312B6D1}"
EndProject
Global
	GlobalSection(SolutionConfigurationPlatforms) = preSolution
		Debug|Any CPU = Debug|Any CPU
		Release|Any CPU = Release|Any CPU
	EndGlobalSection
	GlobalSection(ProjectConfigurationPlatforms) = postSolution
		{A15BC40D-93CC-4ED0-94C5-4E1ED312B6D1}.Debug|Any CPU.ActiveCfg = Debug|Any CPU
		{A15BC40D-93CC-4ED0-94C5-4E1ED312B6D1}.Debug|Any CPU.Build.0 = Debug|Any CPU
		{A15BC40D-93CC-4ED0-94C5-4E1ED312B6D1}.Release|Any CPU.ActiveCfg = Release|Any CPU
		{A15BC40D-93CC-4ED0-94C5-4E1ED312B6D1}.Release|Any CPU.Build.0 = Release|Any CPU
	EndGlobalSection
	GlobalSection(SolutionProperties) = preSolution
		HideSolutionNode = FALSE
	EndGlobalSection
	GlobalSection(ExtensibilityGlobals) = postSolution
		SolutionGuid = {B98D1C02-2600-4774-9EB5-2486AC6B749F}
	EndGlobalSection
EndGlobal
